
Microsoft Visual Studio Solution File, Format Version 12.00
# Visual Studio 14
VisualStudioVersion = 14.0.25420.1
MinimumVisualStudioVersion = 10.0.40219.1
Project("{FAE04EC0-301F-11D3-BF4B-00C04F79EFBC}") = "WindowsFormsApp3", "WindowsFormsApp3\WindowsFormsApp3.csproj", "{FC8D558B-97C6-4454-8D44-46AA965F82C8}"
EndProject
Project("{FAE04EC0-301F-11D3-BF4B-00C04F79EFBC}") = "Homework2", "Homework2\Homework2.csproj", "{FCF107B1-A6F1-4381-8B04-712EE7E39D90}"
EndProject
Project("{FAE04EC0-301F-11D3-BF4B-00C04F79EFBC}") = "Homework3", "Homework3\Homework3.csproj", "{6C3FCD67-3E06-465D-AF81-4F815F115BD0}"
EndProject
Project("{FAE04EC0-301F-11D3-BF4B-00C04F79EFBC}") = "Homework2_2", "Homework2_2\Homework2_2.csproj", "{517B4BA7-B035-4E5E-8DF6-A1AC7564CD75}"
EndProject
Project("{FAE04EC0-301F-11D3-BF4B-00C04F79EFBC}") = "Homework4", "Homework4\Homework4.csproj", "{16C65C14-24D0-475E-99B2-8D64BFD7D558}"
EndProject
Project("{FAE04EC0-301F-11D3-BF4B-00C04F79EFBC}") = "Homework5", "Homework5\Homework5.csproj", "{9D79A3F4-9BE8-4222-9584-CF12E4F485CC}"
EndProject
Project("{FAE04EC0-301F-11D3-BF4B-00C04F79EFBC}") = "Homework5_2", "Homework5_2\Homework5_2.csproj", "{4CDC4A5F-9159-40A9-B58B-2A6DBE53C64B}"
EndProject
Project("{FAE04EC0-301F-11D3-BF4B-00C04F79EFBC}") = "Homework6", "Homework6\Homework6.csproj", "{00361F7C-8363-4CFF-9F44-8A5F0FC28229}"
EndProject
Global
	GlobalSection(SolutionConfigurationPlatforms) = preSolution
		Debug|Any CPU = Debug|Any CPU
		Release|Any CPU = Release|Any CPU
	EndGlobalSection
	GlobalSection(ProjectConfigurationPlatforms) = postSolution
		{FC8D558B-97C6-4454-8D44-46AA965F82C8}.Debug|Any CPU.ActiveCfg = Debug|Any CPU
		{FC8D558B-97C6-4454-8D44-46AA965F82C8}.Debug|Any CPU.Build.0 = Debug|Any CPU
		{FC8D558B-97C6-4454-8D44-46AA965F82C8}.Release|Any CPU.ActiveCfg = Release|Any CPU
		{FC8D558B-97C6-4454-8D44-46AA965F82C8}.Release|Any CPU.Build.0 = Release|Any CPU
		{FCF107B1-A6F1-4381-8B04-712EE7E39D90}.Debug|Any CPU.ActiveCfg = Debug|Any CPU
		{FCF107B1-A6F1-4381-8B04-712EE7E39D90}.Debug|Any CPU.Build.0 = Debug|Any CPU
		{FCF107B1-A6F1-4381-8B04-712EE7E39D90}.Release|Any CPU.ActiveCfg = Release|Any CPU
		{FCF107B1-A6F1-4381-8B04-712EE7E39D90}.Release|Any CPU.Build.0 = Release|Any CPU
		{6C3FCD67-3E06-465D-AF81-4F815F115BD0}.Debug|Any CPU.ActiveCfg = Debug|Any CPU
		{6C3FCD67-3E06-465D-AF81-4F815F115BD0}.Debug|Any CPU.Build.0 = Debug|Any CPU
		{6C3FCD67-3E06-465D-AF81-4F815F115BD0}.Release|Any CPU.ActiveCfg = Release|Any CPU
		{6C3FCD67-3E06-465D-AF81-4F815F115BD0}.Release|Any CPU.Build.0 = Release|Any CPU
		{517B4BA7-B035-4E5E-8DF6-A1AC7564CD75}.Debug|Any CPU.ActiveCfg = Debug|Any CPU
		{517B4BA7-B035-4E5E-8DF6-A1AC7564CD75}.Debug|Any CPU.Build.0 = Debug|Any CPU
		{517B4BA7-B035-4E5E-8DF6-A1AC7564CD75}.Release|Any CPU.ActiveCfg = Release|Any CPU
		{517B4BA7-B035-4E5E-8DF6-A1AC7564CD75}.Release|Any CPU.Build.0 = Release|Any CPU
		{16C65C14-24D0-475E-99B2-8D64BFD7D558}.Debug|Any CPU.ActiveCfg = Debug|Any CPU
		{16C65C14-24D0-475E-99B2-8D64BFD7D558}.Debug|Any CPU.Build.0 = Debug|Any CPU
		{16C65C14-24D0-475E-99B2-8D64BFD7D558}.Release|Any CPU.ActiveCfg = Release|Any CPU
		{16C65C14-24D0-475E-99B2-8D64BFD7D558}.Release|Any CPU.Build.0 = Release|Any CPU
		{9D79A3F4-9BE8-4222-9584-CF12E4F485CC}.Debug|Any CPU.ActiveCfg = Debug|Any CPU
		{9D79A3F4-9BE8-4222-9584-CF12E4F485CC}.Debug|Any CPU.Build.0 = Debug|Any CPU
		{9D79A3F4-9BE8-4222-9584-CF12E4F485CC}.Release|Any CPU.ActiveCfg = Release|Any CPU
		{9D79A3F4-9BE8-4222-9584-CF12E4F485CC}.Release|Any CPU.Build.0 = Release|Any CPU
		{4CDC4A5F-9159-40A9-B58B-2A6DBE53C64B}.Debug|Any CPU.ActiveCfg = Debug|Any CPU
		{4CDC4A5F-9159-40A9-B58B-2A6DBE53C64B}.Debug|Any CPU.Build.0 = Debug|Any CPU
		{4CDC4A5F-9159-40A9-B58B-2A6DBE53C64B}.Release|Any CPU.ActiveCfg = Release|Any CPU
		{4CDC4A5F-9159-40A9-B58B-2A6DBE53C64B}.Release|Any CPU.Build.0 = Release|Any CPU
		{00361F7C-8363-4CFF-9F44-8A5F0FC28229}.Debug|Any CPU.ActiveCfg = Debug|Any CPU
		{00361F7C-8363-4CFF-9F44-8A5F0FC28229}.Debug|Any CPU.Build.0 = Debug|Any CPU
		{00361F7C-8363-4CFF-9F44-8A5F0FC28229}.Release|Any CPU.ActiveCfg = Release|Any CPU
		{00361F7C-8363-4CFF-9F44-8A5F0FC28229}.Release|Any CPU.Build.0 = Release|Any CPU
	EndGlobalSection
	GlobalSection(SolutionProperties) = preSolution
		HideSolutionNode = FALSE
	EndGlobalSection
	GlobalSection(ExtensibilityGlobals) = postSolution
		SolutionGuid = {578DDB7F-6235-4413-8D29-992643959AB1}
	EndGlobalSection
EndGlobal
