
Microsoft Visual Studio Solution File, Format Version 12.00
# Visual Studio 14
VisualStudioVersion = 14.0.25420.1
MinimumVisualStudioVersion = 10.0.40219.1
Project("{FAE04EC0-301F-11D3-BF4B-00C04F79EFBC}") = "WindowsFormsApp3", "WindowsFormsApp3\WindowsFormsApp3.csproj", "{FC8D558B-97C6-4454-8D44-46AA965F82C8}"
EndProject
Project("{FAE04EC0-301F-11D3-BF4B-00C04F79EFBC}") = "Homework2", "Homework2\Homework2.csproj", "{FCF107B1-A6F1-4381-8B04-712EE7E39D90}"
EndProject
Project("{FAE04EC0-301F-11D3-BF4B-00C04F79EFBC}") = "Homework3", "Homework3\Homework3.csproj", "{6C3FCD67-3E06-465D-AF81-4F815F115BD0}"
EndProject
Project("{FAE04EC0-301F-11D3-BF4B-00C04F79EFBC}") = "Homework2_2", "Homework2_2\Homework2_2.csproj", "{517B4BA7-B035-4E5E-8DF6-A1AC7564CD75}"
EndProject
Project("{FAE04EC0-301F-11D3-BF4B-00C04F79EFBC}") = "Homework4", "Homework4\Homework4.csproj", "{16C65C14-24D0-475E-99B2-8D64BFD7D558}"
EndProject
Project("{FAE04EC0-301F-11D3-BF4B-00C04F79EFBC}") = "Homework5", "Homework5\Homework5.csproj", "{9D79A3F4-9BE8-4222-9584-CF12E4F485CC}"
EndProject
Project("{FAE04EC0-301F-11D3-BF4B-00C04F79EFBC}") = "Homework5_2", "Homework5_2\Homework5_2.csproj", "{4CDC4A5F-9159-40A9-B58B-2A6DBE53C64B}"
EndProject
Project("{FAE04EC0-301F-11D3-BF4B-00C04F79EFBC}") = "Homework7", "Homework7\Homework7.csproj", "{7900BB77-6CBA-4B5D-91C4-5FB8C3BDB5C2}"
EndProject
Project("{FAE04EC0-301F-11D3-BF4B-00C04F79EFBC}") = "Homework7-2", "Homework7-2\Homework7-2.csproj", "{20DD6A12-DBF5-4B07-8AD9-D06F6101B5D2}"
EndProject
Project("{FAE04EC0-301F-11D3-BF4B-00C04F79EFBC}") = "Homework6", "Homework6\Homework6.csproj", "{00361F7C-8363-4CFF-9F44-8A5F0FC28229}"
EndProject
Project("{FAE04EC0-301F-11D3-BF4B-00C04F79EFBC}") = "Homework8", "Homework8\Homework8.csproj", "{0EE4B4A0-FDB3-4465-B6C6-01162CD86AB3}"
EndProject
Project("{FAE04EC0-301F-11D3-BF4B-00C04F79EFBC}") = "Homework8-2", "Homework8-2\Homework8-2.csproj", "{F7E93399-4FD8-4048-8556-C608F209FA3D}"
EndProject
Project("{FAE04EC0-301F-11D3-BF4B-00C04F79EFBC}") = "Homework10", "Homework10\Homework10.csproj", "{BA372DBB-7F1D-479C-9BF1-277E2B17CBB0}"
EndProject
Project("{FAE04EC0-301F-11D3-BF4B-00C04F79EFBC}") = "Homework11", "Homework11\Homework11.csproj", "{B05133DD-0F75-45E9-AC56-7558BB35D92B}"
EndProject
Project("{FAE04EC0-301F-11D3-BF4B-00C04F79EFBC}") = "Proj2", "Proj2\Proj2.csproj", "{6EE10887-27D2-45D5-9F0D-6221B44E471C}"
EndProject
Project("{FAE04EC0-301F-11D3-BF4B-00C04F79EFBC}") = "proj3", "proj3\proj3.csproj", "{A2C6A1BD-4BB8-470D-9EFE-A2193903922A}"
EndProject
Global
	GlobalSection(SolutionConfigurationPlatforms) = preSolution
		Debug|Any CPU = Debug|Any CPU
		Debug|x64 = Debug|x64
		Debug|x86 = Debug|x86
		Release|Any CPU = Release|Any CPU
		Release|x64 = Release|x64
		Release|x86 = Release|x86
	EndGlobalSection
	GlobalSection(ProjectConfigurationPlatforms) = postSolution
		{FC8D558B-97C6-4454-8D44-46AA965F82C8}.Debug|Any CPU.ActiveCfg = Debug|Any CPU
		{FC8D558B-97C6-4454-8D44-46AA965F82C8}.Debug|Any CPU.Build.0 = Debug|Any CPU
		{FC8D558B-97C6-4454-8D44-46AA965F82C8}.Debug|x64.ActiveCfg = Debug|Any CPU
		{FC8D558B-97C6-4454-8D44-46AA965F82C8}.Debug|x64.Build.0 = Debug|Any CPU
		{FC8D558B-97C6-4454-8D44-46AA965F82C8}.Debug|x86.ActiveCfg = Debug|Any CPU
		{FC8D558B-97C6-4454-8D44-46AA965F82C8}.Debug|x86.Build.0 = Debug|Any CPU
		{FC8D558B-97C6-4454-8D44-46AA965F82C8}.Release|Any CPU.ActiveCfg = Release|Any CPU
		{FC8D558B-97C6-4454-8D44-46AA965F82C8}.Release|Any CPU.Build.0 = Release|Any CPU
		{FC8D558B-97C6-4454-8D44-46AA965F82C8}.Release|x64.ActiveCfg = Release|Any CPU
		{FC8D558B-97C6-4454-8D44-46AA965F82C8}.Release|x64.Build.0 = Release|Any CPU
		{FC8D558B-97C6-4454-8D44-46AA965F82C8}.Release|x86.ActiveCfg = Release|Any CPU
		{FC8D558B-97C6-4454-8D44-46AA965F82C8}.Release|x86.Build.0 = Release|Any CPU
		{FCF107B1-A6F1-4381-8B04-712EE7E39D90}.Debug|Any CPU.ActiveCfg = Debug|Any CPU
		{FCF107B1-A6F1-4381-8B04-712EE7E39D90}.Debug|Any CPU.Build.0 = Debug|Any CPU
		{FCF107B1-A6F1-4381-8B04-712EE7E39D90}.Debug|x64.ActiveCfg = Debug|Any CPU
		{FCF107B1-A6F1-4381-8B04-712EE7E39D90}.Debug|x64.Build.0 = Debug|Any CPU
		{FCF107B1-A6F1-4381-8B04-712EE7E39D90}.Debug|x86.ActiveCfg = Debug|Any CPU
		{FCF107B1-A6F1-4381-8B04-712EE7E39D90}.Debug|x86.Build.0 = Debug|Any CPU
		{FCF107B1-A6F1-4381-8B04-712EE7E39D90}.Release|Any CPU.ActiveCfg = Release|Any CPU
		{FCF107B1-A6F1-4381-8B04-712EE7E39D90}.Release|Any CPU.Build.0 = Release|Any CPU
		{FCF107B1-A6F1-4381-8B04-712EE7E39D90}.Release|x64.ActiveCfg = Release|Any CPU
		{FCF107B1-A6F1-4381-8B04-712EE7E39D90}.Release|x64.Build.0 = Release|Any CPU
		{FCF107B1-A6F1-4381-8B04-712EE7E39D90}.Release|x86.ActiveCfg = Release|Any CPU
		{FCF107B1-A6F1-4381-8B04-712EE7E39D90}.Release|x86.Build.0 = Release|Any CPU
		{6C3FCD67-3E06-465D-AF81-4F815F115BD0}.Debug|Any CPU.ActiveCfg = Debug|Any CPU
		{6C3FCD67-3E06-465D-AF81-4F815F115BD0}.Debug|Any CPU.Build.0 = Debug|Any CPU
		{6C3FCD67-3E06-465D-AF81-4F815F115BD0}.Debug|x64.ActiveCfg = Debug|Any CPU
		{6C3FCD67-3E06-465D-AF81-4F815F115BD0}.Debug|x64.Build.0 = Debug|Any CPU
		{6C3FCD67-3E06-465D-AF81-4F815F115BD0}.Debug|x86.ActiveCfg = Debug|Any CPU
		{6C3FCD67-3E06-465D-AF81-4F815F115BD0}.Debug|x86.Build.0 = Debug|Any CPU
		{6C3FCD67-3E06-465D-AF81-4F815F115BD0}.Release|Any CPU.ActiveCfg = Release|Any CPU
		{6C3FCD67-3E06-465D-AF81-4F815F115BD0}.Release|Any CPU.Build.0 = Release|Any CPU
		{6C3FCD67-3E06-465D-AF81-4F815F115BD0}.Release|x64.ActiveCfg = Release|Any CPU
		{6C3FCD67-3E06-465D-AF81-4F815F115BD0}.Release|x64.Build.0 = Release|Any CPU
		{6C3FCD67-3E06-465D-AF81-4F815F115BD0}.Release|x86.ActiveCfg = Release|Any CPU
		{6C3FCD67-3E06-465D-AF81-4F815F115BD0}.Release|x86.Build.0 = Release|Any CPU
		{517B4BA7-B035-4E5E-8DF6-A1AC7564CD75}.Debug|Any CPU.ActiveCfg = Debug|Any CPU
		{517B4BA7-B035-4E5E-8DF6-A1AC7564CD75}.Debug|Any CPU.Build.0 = Debug|Any CPU
		{517B4BA7-B035-4E5E-8DF6-A1AC7564CD75}.Debug|x64.ActiveCfg = Debug|Any CPU
		{517B4BA7-B035-4E5E-8DF6-A1AC7564CD75}.Debug|x64.Build.0 = Debug|Any CPU
		{517B4BA7-B035-4E5E-8DF6-A1AC7564CD75}.Debug|x86.ActiveCfg = Debug|Any CPU
		{517B4BA7-B035-4E5E-8DF6-A1AC7564CD75}.Debug|x86.Build.0 = Debug|Any CPU
		{517B4BA7-B035-4E5E-8DF6-A1AC7564CD75}.Release|Any CPU.ActiveCfg = Release|Any CPU
		{517B4BA7-B035-4E5E-8DF6-A1AC7564CD75}.Release|Any CPU.Build.0 = Release|Any CPU
		{517B4BA7-B035-4E5E-8DF6-A1AC7564CD75}.Release|x64.ActiveCfg = Release|Any CPU
		{517B4BA7-B035-4E5E-8DF6-A1AC7564CD75}.Release|x64.Build.0 = Release|Any CPU
		{517B4BA7-B035-4E5E-8DF6-A1AC7564CD75}.Release|x86.ActiveCfg = Release|Any CPU
		{517B4BA7-B035-4E5E-8DF6-A1AC7564CD75}.Release|x86.Build.0 = Release|Any CPU
		{16C65C14-24D0-475E-99B2-8D64BFD7D558}.Debug|Any CPU.ActiveCfg = Debug|Any CPU
		{16C65C14-24D0-475E-99B2-8D64BFD7D558}.Debug|Any CPU.Build.0 = Debug|Any CPU
		{16C65C14-24D0-475E-99B2-8D64BFD7D558}.Debug|x64.ActiveCfg = Debug|Any CPU
		{16C65C14-24D0-475E-99B2-8D64BFD7D558}.Debug|x64.Build.0 = Debug|Any CPU
		{16C65C14-24D0-475E-99B2-8D64BFD7D558}.Debug|x86.ActiveCfg = Debug|Any CPU
		{16C65C14-24D0-475E-99B2-8D64BFD7D558}.Debug|x86.Build.0 = Debug|Any CPU
		{16C65C14-24D0-475E-99B2-8D64BFD7D558}.Release|Any CPU.ActiveCfg = Release|Any CPU
		{16C65C14-24D0-475E-99B2-8D64BFD7D558}.Release|Any CPU.Build.0 = Release|Any CPU
		{16C65C14-24D0-475E-99B2-8D64BFD7D558}.Release|x64.ActiveCfg = Release|Any CPU
		{16C65C14-24D0-475E-99B2-8D64BFD7D558}.Release|x64.Build.0 = Release|Any CPU
		{16C65C14-24D0-475E-99B2-8D64BFD7D558}.Release|x86.ActiveCfg = Release|Any CPU
		{16C65C14-24D0-475E-99B2-8D64BFD7D558}.Release|x86.Build.0 = Release|Any CPU
		{9D79A3F4-9BE8-4222-9584-CF12E4F485CC}.Debug|Any CPU.ActiveCfg = Debug|Any CPU
		{9D79A3F4-9BE8-4222-9584-CF12E4F485CC}.Debug|Any CPU.Build.0 = Debug|Any CPU
		{9D79A3F4-9BE8-4222-9584-CF12E4F485CC}.Debug|x64.ActiveCfg = Debug|Any CPU
		{9D79A3F4-9BE8-4222-9584-CF12E4F485CC}.Debug|x64.Build.0 = Debug|Any CPU
		{9D79A3F4-9BE8-4222-9584-CF12E4F485CC}.Debug|x86.ActiveCfg = Debug|Any CPU
		{9D79A3F4-9BE8-4222-9584-CF12E4F485CC}.Debug|x86.Build.0 = Debug|Any CPU
		{9D79A3F4-9BE8-4222-9584-CF12E4F485CC}.Release|Any CPU.ActiveCfg = Release|Any CPU
		{9D79A3F4-9BE8-4222-9584-CF12E4F485CC}.Release|Any CPU.Build.0 = Release|Any CPU
		{9D79A3F4-9BE8-4222-9584-CF12E4F485CC}.Release|x64.ActiveCfg = Release|Any CPU
		{9D79A3F4-9BE8-4222-9584-CF12E4F485CC}.Release|x64.Build.0 = Release|Any CPU
		{9D79A3F4-9BE8-4222-9584-CF12E4F485CC}.Release|x86.ActiveCfg = Release|Any CPU
		{9D79A3F4-9BE8-4222-9584-CF12E4F485CC}.Release|x86.Build.0 = Release|Any CPU
		{4CDC4A5F-9159-40A9-B58B-2A6DBE53C64B}.Debug|Any CPU.ActiveCfg = Debug|Any CPU
		{4CDC4A5F-9159-40A9-B58B-2A6DBE53C64B}.Debug|Any CPU.Build.0 = Debug|Any CPU
		{4CDC4A5F-9159-40A9-B58B-2A6DBE53C64B}.Debug|x64.ActiveCfg = Debug|Any CPU
		{4CDC4A5F-9159-40A9-B58B-2A6DBE53C64B}.Debug|x64.Build.0 = Debug|Any CPU
		{4CDC4A5F-9159-40A9-B58B-2A6DBE53C64B}.Debug|x86.ActiveCfg = Debug|Any CPU
		{4CDC4A5F-9159-40A9-B58B-2A6DBE53C64B}.Debug|x86.Build.0 = Debug|Any CPU
		{4CDC4A5F-9159-40A9-B58B-2A6DBE53C64B}.Release|Any CPU.ActiveCfg = Release|Any CPU
		{4CDC4A5F-9159-40A9-B58B-2A6DBE53C64B}.Release|Any CPU.Build.0 = Release|Any CPU
		{4CDC4A5F-9159-40A9-B58B-2A6DBE53C64B}.Release|x64.ActiveCfg = Release|Any CPU
		{4CDC4A5F-9159-40A9-B58B-2A6DBE53C64B}.Release|x64.Build.0 = Release|Any CPU
		{4CDC4A5F-9159-40A9-B58B-2A6DBE53C64B}.Release|x86.ActiveCfg = Release|Any CPU
		{4CDC4A5F-9159-40A9-B58B-2A6DBE53C64B}.Release|x86.Build.0 = Release|Any CPU
		{7900BB77-6CBA-4B5D-91C4-5FB8C3BDB5C2}.Debug|Any CPU.ActiveCfg = Debug|Any CPU
		{7900BB77-6CBA-4B5D-91C4-5FB8C3BDB5C2}.Debug|Any CPU.Build.0 = Debug|Any CPU
		{7900BB77-6CBA-4B5D-91C4-5FB8C3BDB5C2}.Debug|x64.ActiveCfg = Debug|Any CPU
		{7900BB77-6CBA-4B5D-91C4-5FB8C3BDB5C2}.Debug|x64.Build.0 = Debug|Any CPU
		{7900BB77-6CBA-4B5D-91C4-5FB8C3BDB5C2}.Debug|x86.ActiveCfg = Debug|Any CPU
		{7900BB77-6CBA-4B5D-91C4-5FB8C3BDB5C2}.Debug|x86.Build.0 = Debug|Any CPU
		{7900BB77-6CBA-4B5D-91C4-5FB8C3BDB5C2}.Release|Any CPU.ActiveCfg = Release|Any CPU
		{7900BB77-6CBA-4B5D-91C4-5FB8C3BDB5C2}.Release|Any CPU.Build.0 = Release|Any CPU
		{7900BB77-6CBA-4B5D-91C4-5FB8C3BDB5C2}.Release|x64.ActiveCfg = Release|Any CPU
		{7900BB77-6CBA-4B5D-91C4-5FB8C3BDB5C2}.Release|x64.Build.0 = Release|Any CPU
		{7900BB77-6CBA-4B5D-91C4-5FB8C3BDB5C2}.Release|x86.ActiveCfg = Release|Any CPU
		{7900BB77-6CBA-4B5D-91C4-5FB8C3BDB5C2}.Release|x86.Build.0 = Release|Any CPU
		{20DD6A12-DBF5-4B07-8AD9-D06F6101B5D2}.Debug|Any CPU.ActiveCfg = Debug|Any CPU
		{20DD6A12-DBF5-4B07-8AD9-D06F6101B5D2}.Debug|Any CPU.Build.0 = Debug|Any CPU
		{20DD6A12-DBF5-4B07-8AD9-D06F6101B5D2}.Debug|x64.ActiveCfg = Debug|Any CPU
		{20DD6A12-DBF5-4B07-8AD9-D06F6101B5D2}.Debug|x64.Build.0 = Debug|Any CPU
		{20DD6A12-DBF5-4B07-8AD9-D06F6101B5D2}.Debug|x86.ActiveCfg = Debug|Any CPU
		{20DD6A12-DBF5-4B07-8AD9-D06F6101B5D2}.Debug|x86.Build.0 = Debug|Any CPU
		{20DD6A12-DBF5-4B07-8AD9-D06F6101B5D2}.Release|Any CPU.ActiveCfg = Release|Any CPU
		{20DD6A12-DBF5-4B07-8AD9-D06F6101B5D2}.Release|Any CPU.Build.0 = Release|Any CPU
		{20DD6A12-DBF5-4B07-8AD9-D06F6101B5D2}.Release|x64.ActiveCfg = Release|Any CPU
		{20DD6A12-DBF5-4B07-8AD9-D06F6101B5D2}.Release|x64.Build.0 = Release|Any CPU
		{20DD6A12-DBF5-4B07-8AD9-D06F6101B5D2}.Release|x86.ActiveCfg = Release|Any CPU
		{20DD6A12-DBF5-4B07-8AD9-D06F6101B5D2}.Release|x86.Build.0 = Release|Any CPU
		{00361F7C-8363-4CFF-9F44-8A5F0FC28229}.Debug|Any CPU.ActiveCfg = Debug|Any CPU
		{00361F7C-8363-4CFF-9F44-8A5F0FC28229}.Debug|Any CPU.Build.0 = Debug|Any CPU
		{00361F7C-8363-4CFF-9F44-8A5F0FC28229}.Debug|x64.ActiveCfg = Debug|Any CPU
		{00361F7C-8363-4CFF-9F44-8A5F0FC28229}.Debug|x64.Build.0 = Debug|Any CPU
		{00361F7C-8363-4CFF-9F44-8A5F0FC28229}.Debug|x86.ActiveCfg = Debug|Any CPU
		{00361F7C-8363-4CFF-9F44-8A5F0FC28229}.Debug|x86.Build.0 = Debug|Any CPU
		{00361F7C-8363-4CFF-9F44-8A5F0FC28229}.Release|Any CPU.ActiveCfg = Release|Any CPU
		{00361F7C-8363-4CFF-9F44-8A5F0FC28229}.Release|Any CPU.Build.0 = Release|Any CPU
		{00361F7C-8363-4CFF-9F44-8A5F0FC28229}.Release|x64.ActiveCfg = Release|Any CPU
		{00361F7C-8363-4CFF-9F44-8A5F0FC28229}.Release|x64.Build.0 = Release|Any CPU
		{00361F7C-8363-4CFF-9F44-8A5F0FC28229}.Release|x86.ActiveCfg = Release|Any CPU
		{00361F7C-8363-4CFF-9F44-8A5F0FC28229}.Release|x86.Build.0 = Release|Any CPU
		{0EE4B4A0-FDB3-4465-B6C6-01162CD86AB3}.Debug|Any CPU.ActiveCfg = Debug|Any CPU
		{0EE4B4A0-FDB3-4465-B6C6-01162CD86AB3}.Debug|Any CPU.Build.0 = Debug|Any CPU
		{0EE4B4A0-FDB3-4465-B6C6-01162CD86AB3}.Debug|x64.ActiveCfg = Debug|Any CPU
		{0EE4B4A0-FDB3-4465-B6C6-01162CD86AB3}.Debug|x64.Build.0 = Debug|Any CPU
		{0EE4B4A0-FDB3-4465-B6C6-01162CD86AB3}.Debug|x86.ActiveCfg = Debug|Any CPU
		{0EE4B4A0-FDB3-4465-B6C6-01162CD86AB3}.Debug|x86.Build.0 = Debug|Any CPU
		{0EE4B4A0-FDB3-4465-B6C6-01162CD86AB3}.Release|Any CPU.ActiveCfg = Release|Any CPU
		{0EE4B4A0-FDB3-4465-B6C6-01162CD86AB3}.Release|Any CPU.Build.0 = Release|Any CPU
		{0EE4B4A0-FDB3-4465-B6C6-01162CD86AB3}.Release|x64.ActiveCfg = Release|Any CPU
		{0EE4B4A0-FDB3-4465-B6C6-01162CD86AB3}.Release|x64.Build.0 = Release|Any CPU
		{0EE4B4A0-FDB3-4465-B6C6-01162CD86AB3}.Release|x86.ActiveCfg = Release|Any CPU
		{0EE4B4A0-FDB3-4465-B6C6-01162CD86AB3}.Release|x86.Build.0 = Release|Any CPU
		{F7E93399-4FD8-4048-8556-C608F209FA3D}.Debug|Any CPU.ActiveCfg = Debug|Any CPU
		{F7E93399-4FD8-4048-8556-C608F209FA3D}.Debug|Any CPU.Build.0 = Debug|Any CPU
		{F7E93399-4FD8-4048-8556-C608F209FA3D}.Debug|x64.ActiveCfg = Debug|Any CPU
		{F7E93399-4FD8-4048-8556-C608F209FA3D}.Debug|x64.Build.0 = Debug|Any CPU
		{F7E93399-4FD8-4048-8556-C608F209FA3D}.Debug|x86.ActiveCfg = Debug|Any CPU
		{F7E93399-4FD8-4048-8556-C608F209FA3D}.Debug|x86.Build.0 = Debug|Any CPU
		{F7E93399-4FD8-4048-8556-C608F209FA3D}.Release|Any CPU.ActiveCfg = Release|Any CPU
		{F7E93399-4FD8-4048-8556-C608F209FA3D}.Release|Any CPU.Build.0 = Release|Any CPU
		{F7E93399-4FD8-4048-8556-C608F209FA3D}.Release|x64.ActiveCfg = Release|Any CPU
		{F7E93399-4FD8-4048-8556-C608F209FA3D}.Release|x64.Build.0 = Release|Any CPU
		{F7E93399-4FD8-4048-8556-C608F209FA3D}.Release|x86.ActiveCfg = Release|Any CPU
		{F7E93399-4FD8-4048-8556-C608F209FA3D}.Release|x86.Build.0 = Release|Any CPU
		{BA372DBB-7F1D-479C-9BF1-277E2B17CBB0}.Debug|Any CPU.ActiveCfg = Debug|Any CPU
		{BA372DBB-7F1D-479C-9BF1-277E2B17CBB0}.Debug|Any CPU.Build.0 = Debug|Any CPU
		{BA372DBB-7F1D-479C-9BF1-277E2B17CBB0}.Debug|x64.ActiveCfg = Debug|Any CPU
		{BA372DBB-7F1D-479C-9BF1-277E2B17CBB0}.Debug|x64.Build.0 = Debug|Any CPU
		{BA372DBB-7F1D-479C-9BF1-277E2B17CBB0}.Debug|x86.ActiveCfg = Debug|Any CPU
		{BA372DBB-7F1D-479C-9BF1-277E2B17CBB0}.Debug|x86.Build.0 = Debug|Any CPU
		{BA372DBB-7F1D-479C-9BF1-277E2B17CBB0}.Release|Any CPU.ActiveCfg = Release|Any CPU
		{BA372DBB-7F1D-479C-9BF1-277E2B17CBB0}.Release|Any CPU.Build.0 = Release|Any CPU
		{BA372DBB-7F1D-479C-9BF1-277E2B17CBB0}.Release|x64.ActiveCfg = Release|Any CPU
		{BA372DBB-7F1D-479C-9BF1-277E2B17CBB0}.Release|x64.Build.0 = Release|Any CPU
		{BA372DBB-7F1D-479C-9BF1-277E2B17CBB0}.Release|x86.ActiveCfg = Release|Any CPU
		{BA372DBB-7F1D-479C-9BF1-277E2B17CBB0}.Release|x86.Build.0 = Release|Any CPU
		{B05133DD-0F75-45E9-AC56-7558BB35D92B}.Debug|Any CPU.ActiveCfg = Debug|Any CPU
		{B05133DD-0F75-45E9-AC56-7558BB35D92B}.Debug|Any CPU.Build.0 = Debug|Any CPU
		{B05133DD-0F75-45E9-AC56-7558BB35D92B}.Debug|x64.ActiveCfg = Debug|Any CPU
		{B05133DD-0F75-45E9-AC56-7558BB35D92B}.Debug|x64.Build.0 = Debug|Any CPU
		{B05133DD-0F75-45E9-AC56-7558BB35D92B}.Debug|x86.ActiveCfg = Debug|Any CPU
		{B05133DD-0F75-45E9-AC56-7558BB35D92B}.Debug|x86.Build.0 = Debug|Any CPU
		{B05133DD-0F75-45E9-AC56-7558BB35D92B}.Release|Any CPU.ActiveCfg = Release|Any CPU
		{B05133DD-0F75-45E9-AC56-7558BB35D92B}.Release|Any CPU.Build.0 = Release|Any CPU
		{B05133DD-0F75-45E9-AC56-7558BB35D92B}.Release|x64.ActiveCfg = Release|Any CPU
		{B05133DD-0F75-45E9-AC56-7558BB35D92B}.Release|x64.Build.0 = Release|Any CPU
		{B05133DD-0F75-45E9-AC56-7558BB35D92B}.Release|x86.ActiveCfg = Release|Any CPU
		{B05133DD-0F75-45E9-AC56-7558BB35D92B}.Release|x86.Build.0 = Release|Any CPU
		{6EE10887-27D2-45D5-9F0D-6221B44E471C}.Debug|Any CPU.ActiveCfg = Debug|Any CPU
		{6EE10887-27D2-45D5-9F0D-6221B44E471C}.Debug|Any CPU.Build.0 = Debug|Any CPU
		{6EE10887-27D2-45D5-9F0D-6221B44E471C}.Debug|x64.ActiveCfg = Debug|Any CPU
		{6EE10887-27D2-45D5-9F0D-6221B44E471C}.Debug|x64.Build.0 = Debug|Any CPU
		{6EE10887-27D2-45D5-9F0D-6221B44E471C}.Debug|x86.ActiveCfg = Debug|Any CPU
		{6EE10887-27D2-45D5-9F0D-6221B44E471C}.Debug|x86.Build.0 = Debug|Any CPU
		{6EE10887-27D2-45D5-9F0D-6221B44E471C}.Release|Any CPU.ActiveCfg = Release|Any CPU
		{6EE10887-27D2-45D5-9F0D-6221B44E471C}.Release|Any CPU.Build.0 = Release|Any CPU
		{6EE10887-27D2-45D5-9F0D-6221B44E471C}.Release|x64.ActiveCfg = Release|Any CPU
		{6EE10887-27D2-45D5-9F0D-6221B44E471C}.Release|x64.Build.0 = Release|Any CPU
		{6EE10887-27D2-45D5-9F0D-6221B44E471C}.Release|x86.ActiveCfg = Release|Any CPU
		{6EE10887-27D2-45D5-9F0D-6221B44E471C}.Release|x86.Build.0 = Release|Any CPU
		{A2C6A1BD-4BB8-470D-9EFE-A2193903922A}.Debug|Any CPU.ActiveCfg = Debug|Any CPU
		{A2C6A1BD-4BB8-470D-9EFE-A2193903922A}.Debug|Any CPU.Build.0 = Debug|Any CPU
		{A2C6A1BD-4BB8-470D-9EFE-A2193903922A}.Debug|x64.ActiveCfg = Debug|Any CPU
		{A2C6A1BD-4BB8-470D-9EFE-A2193903922A}.Debug|x64.Build.0 = Debug|Any CPU
		{A2C6A1BD-4BB8-470D-9EFE-A2193903922A}.Debug|x86.ActiveCfg = Debug|Any CPU
		{A2C6A1BD-4BB8-470D-9EFE-A2193903922A}.Debug|x86.Build.0 = Debug|Any CPU
		{A2C6A1BD-4BB8-470D-9EFE-A2193903922A}.Release|Any CPU.ActiveCfg = Release|Any CPU
		{A2C6A1BD-4BB8-470D-9EFE-A2193903922A}.Release|Any CPU.Build.0 = Release|Any CPU
		{A2C6A1BD-4BB8-470D-9EFE-A2193903922A}.Release|x64.ActiveCfg = Release|Any CPU
		{A2C6A1BD-4BB8-470D-9EFE-A2193903922A}.Release|x64.Build.0 = Release|Any CPU
		{A2C6A1BD-4BB8-470D-9EFE-A2193903922A}.Release|x86.ActiveCfg = Release|Any CPU
		{A2C6A1BD-4BB8-470D-9EFE-A2193903922A}.Release|x86.Build.0 = Release|Any CPU
	EndGlobalSection
	GlobalSection(SolutionProperties) = preSolution
		HideSolutionNode = FALSE
	EndGlobalSection
	GlobalSection(ExtensibilityGlobals) = postSolution
		SolutionGuid = {578DDB7F-6235-4413-8D29-992643959AB1}
	EndGlobalSection
EndGlobal
